// !$*UTF8*$!
{
	archiveVersion = 1;
	classes = {
	};
	objectVersion = 46;
	objects = {

/* Begin PBXBuildFile section */
		738A4756960B76AF2230AFAD /* Pods_IOSInstagramClone.framework in Frameworks */ = {isa = PBXBuildFile; fileRef = 1DD49C7BE9366E439EC6C6D3 /* Pods_IOSInstagramClone.framework */; };
		A837FCCD1FB33C3E00B630AB /* AppDelegate.swift in Sources */ = {isa = PBXBuildFile; fileRef = A837FCCC1FB33C3E00B630AB /* AppDelegate.swift */; };
		A837FCCF1FB33C3E00B630AB /* FeedViewController.swift in Sources */ = {isa = PBXBuildFile; fileRef = A837FCCE1FB33C3E00B630AB /* FeedViewController.swift */; };
		A837FCD11FB33C3E00B630AB /* UploadViewController.swift in Sources */ = {isa = PBXBuildFile; fileRef = A837FCD01FB33C3E00B630AB /* UploadViewController.swift */; };
		A837FCD41FB33C3E00B630AB /* Main.storyboard in Resources */ = {isa = PBXBuildFile; fileRef = A837FCD21FB33C3E00B630AB /* Main.storyboard */; };
		A837FCD61FB33C3E00B630AB /* Assets.xcassets in Resources */ = {isa = PBXBuildFile; fileRef = A837FCD51FB33C3E00B630AB /* Assets.xcassets */; };
		A837FCD91FB33C3E00B630AB /* LaunchScreen.storyboard in Resources */ = {isa = PBXBuildFile; fileRef = A837FCD71FB33C3E00B630AB /* LaunchScreen.storyboard */; };
		A837FCE41FB33C3E00B630AB /* IOSInstagramCloneTests.swift in Sources */ = {isa = PBXBuildFile; fileRef = A837FCE31FB33C3E00B630AB /* IOSInstagramCloneTests.swift */; };
		A837FCEF1FB33F7600B630AB /* GoogleService-Info.plist in Resources */ = {isa = PBXBuildFile; fileRef = A837FCEE1FB33F7600B630AB /* GoogleService-Info.plist */; };
		A837FCF11FB342E300B630AB /* LoginViewController.swift in Sources */ = {isa = PBXBuildFile; fileRef = A837FCF01FB342E300B630AB /* LoginViewController.swift */; };
		A837FCF31FB41CE000B630AB /* selectImage.jpg in Resources */ = {isa = PBXBuildFile; fileRef = A837FCF21FB41CE000B630AB /* selectImage.jpg */; };
		A837FCF51FB446E400B630AB /* FeedTableViewCell.swift in Sources */ = {isa = PBXBuildFile; fileRef = A837FCF41FB446E400B630AB /* FeedTableViewCell.swift */; };
		A837FCF71FB45F4600B630AB /* SDWebImage.framework in Frameworks */ = {isa = PBXBuildFile; fileRef = A837FCF61FB45F4600B630AB /* SDWebImage.framework */; };
		A837FCF91FB45F6D00B630AB /* libwebp.framework in Frameworks */ = {isa = PBXBuildFile; fileRef = A837FCF81FB45F6D00B630AB /* libwebp.framework */; };
		B62B142DA1662CEB813720E5 /* Pods_IOSInstagramCloneTests.framework in Frameworks */ = {isa = PBXBuildFile; fileRef = 6BFDA0527E09CFED2BF89045 /* Pods_IOSInstagramCloneTests.framework */; };
/* End PBXBuildFile section */

/* Begin PBXContainerItemProxy section */
		A837FCE01FB33C3E00B630AB /* PBXContainerItemProxy */ = {
			isa = PBXContainerItemProxy;
			containerPortal = A837FCC11FB33C3E00B630AB /* Project object */;
			proxyType = 1;
			remoteGlobalIDString = A837FCC81FB33C3E00B630AB;
			remoteInfo = IOSInstagramClone;
		};
/* End PBXContainerItemProxy section */

/* Begin PBXFileReference section */
		18566770BE7623F17F419F99 /* Pods-IOSInstagramCloneTests.release.xcconfig */ = {isa = PBXFileReference; includeInIndex = 1; lastKnownFileType = text.xcconfig; name = "Pods-IOSInstagramCloneTests.release.xcconfig"; path = "Pods/Target Support Files/Pods-IOSInstagramCloneTests/Pods-IOSInstagramCloneTests.release.xcconfig"; sourceTree = "<group>"; };
		1DD49C7BE9366E439EC6C6D3 /* Pods_IOSInstagramClone.framework */ = {isa = PBXFileReference; explicitFileType = wrapper.framework; includeInIndex = 0; path = Pods_IOSInstagramClone.framework; sourceTree = BUILT_PRODUCTS_DIR; };
		2D002793B491A9DDD5F4680B /* Pods-IOSInstagramClone.debug.xcconfig */ = {isa = PBXFileReference; includeInIndex = 1; lastKnownFileType = text.xcconfig; name = "Pods-IOSInstagramClone.debug.xcconfig"; path = "Pods/Target Support Files/Pods-IOSInstagramClone/Pods-IOSInstagramClone.debug.xcconfig"; sourceTree = "<group>"; };
		5A666CB7C4B5A31CC32D16C7 /* Pods-IOSInstagramCloneTests.debug.xcconfig */ = {isa = PBXFileReference; includeInIndex = 1; lastKnownFileType = text.xcconfig; name = "Pods-IOSInstagramCloneTests.debug.xcconfig"; path = "Pods/Target Support Files/Pods-IOSInstagramCloneTests/Pods-IOSInstagramCloneTests.debug.xcconfig"; sourceTree = "<group>"; };
		6BFDA0527E09CFED2BF89045 /* Pods_IOSInstagramCloneTests.framework */ = {isa = PBXFileReference; explicitFileType = wrapper.framework; includeInIndex = 0; path = Pods_IOSInstagramCloneTests.framework; sourceTree = BUILT_PRODUCTS_DIR; };
		A837FCC91FB33C3E00B630AB /* IOSInstagramClone.app */ = {isa = PBXFileReference; explicitFileType = wrapper.application; includeInIndex = 0; path = IOSInstagramClone.app; sourceTree = BUILT_PRODUCTS_DIR; };
		A837FCCC1FB33C3E00B630AB /* AppDelegate.swift */ = {isa = PBXFileReference; lastKnownFileType = sourcecode.swift; path = AppDelegate.swift; sourceTree = "<group>"; };
		A837FCCE1FB33C3E00B630AB /* FeedViewController.swift */ = {isa = PBXFileReference; lastKnownFileType = sourcecode.swift; path = FeedViewController.swift; sourceTree = "<group>"; };
		A837FCD01FB33C3E00B630AB /* UploadViewController.swift */ = {isa = PBXFileReference; lastKnownFileType = sourcecode.swift; path = UploadViewController.swift; sourceTree = "<group>"; };
		A837FCD31FB33C3E00B630AB /* Base */ = {isa = PBXFileReference; lastKnownFileType = file.storyboard; name = Base; path = Base.lproj/Main.storyboard; sourceTree = "<group>"; };
		A837FCD51FB33C3E00B630AB /* Assets.xcassets */ = {isa = PBXFileReference; lastKnownFileType = folder.assetcatalog; path = Assets.xcassets; sourceTree = "<group>"; };
		A837FCD81FB33C3E00B630AB /* Base */ = {isa = PBXFileReference; lastKnownFileType = file.storyboard; name = Base; path = Base.lproj/LaunchScreen.storyboard; sourceTree = "<group>"; };
		A837FCDA1FB33C3E00B630AB /* Info.plist */ = {isa = PBXFileReference; lastKnownFileType = text.plist.xml; path = Info.plist; sourceTree = "<group>"; };
		A837FCDF1FB33C3E00B630AB /* IOSInstagramCloneTests.xctest */ = {isa = PBXFileReference; explicitFileType = wrapper.cfbundle; includeInIndex = 0; path = IOSInstagramCloneTests.xctest; sourceTree = BUILT_PRODUCTS_DIR; };
		A837FCE31FB33C3E00B630AB /* IOSInstagramCloneTests.swift */ = {isa = PBXFileReference; lastKnownFileType = sourcecode.swift; path = IOSInstagramCloneTests.swift; sourceTree = "<group>"; };
		A837FCE51FB33C3E00B630AB /* Info.plist */ = {isa = PBXFileReference; lastKnownFileType = text.plist.xml; path = Info.plist; sourceTree = "<group>"; };
		A837FCEE1FB33F7600B630AB /* GoogleService-Info.plist */ = {isa = PBXFileReference; fileEncoding = 4; lastKnownFileType = text.plist.xml; path = "GoogleService-Info.plist"; sourceTree = "<group>"; };
		A837FCF01FB342E300B630AB /* LoginViewController.swift */ = {isa = PBXFileReference; fileEncoding = 4; lastKnownFileType = sourcecode.swift; path = LoginViewController.swift; sourceTree = "<group>"; };
		A837FCF21FB41CE000B630AB /* selectImage.jpg */ = {isa = PBXFileReference; lastKnownFileType = image.jpeg; path = selectImage.jpg; sourceTree = "<group>"; };
		A837FCF41FB446E400B630AB /* FeedTableViewCell.swift */ = {isa = PBXFileReference; fileEncoding = 4; lastKnownFileType = sourcecode.swift; path = FeedTableViewCell.swift; sourceTree = "<group>"; };
		A837FCF61FB45F4600B630AB /* SDWebImage.framework */ = {isa = PBXFileReference; lastKnownFileType = wrapper.framework; name = SDWebImage.framework; path = "Pods/../build/Debug-iphoneos/SDWebImage/SDWebImage.framework"; sourceTree = "<group>"; };
		A837FCF81FB45F6D00B630AB /* libwebp.framework */ = {isa = PBXFileReference; lastKnownFileType = wrapper.framework; name = libwebp.framework; path = "Pods/../build/Debug-iphoneos/libwebp/libwebp.framework"; sourceTree = "<group>"; };
		ECF07F93136F22313FA96CBD /* Pods-IOSInstagramClone.release.xcconfig */ = {isa = PBXFileReference; includeInIndex = 1; lastKnownFileType = text.xcconfig; name = "Pods-IOSInstagramClone.release.xcconfig"; path = "Pods/Target Support Files/Pods-IOSInstagramClone/Pods-IOSInstagramClone.release.xcconfig"; sourceTree = "<group>"; };
/* End PBXFileReference section */

/* Begin PBXFrameworksBuildPhase section */
		A837FCC61FB33C3E00B630AB /* Frameworks */ = {
			isa = PBXFrameworksBuildPhase;
			buildActionMask = 2147483647;
			files = (
				A837FCF91FB45F6D00B630AB /* libwebp.framework in Frameworks */,
				A837FCF71FB45F4600B630AB /* SDWebImage.framework in Frameworks */,
				738A4756960B76AF2230AFAD /* Pods_IOSInstagramClone.framework in Frameworks */,
			);
			runOnlyForDeploymentPostprocessing = 0;
		};
		A837FCDC1FB33C3E00B630AB /* Frameworks */ = {
			isa = PBXFrameworksBuildPhase;
			buildActionMask = 2147483647;
			files = (
				B62B142DA1662CEB813720E5 /* Pods_IOSInstagramCloneTests.framework in Frameworks */,
			);
			runOnlyForDeploymentPostprocessing = 0;
		};
/* End PBXFrameworksBuildPhase section */

/* Begin PBXGroup section */
		0DAA0E778710D263C3B0F4BE /* Pods */ = {
			isa = PBXGroup;
			children = (
				2D002793B491A9DDD5F4680B /* Pods-IOSInstagramClone.debug.xcconfig */,
				ECF07F93136F22313FA96CBD /* Pods-IOSInstagramClone.release.xcconfig */,
				5A666CB7C4B5A31CC32D16C7 /* Pods-IOSInstagramCloneTests.debug.xcconfig */,
				18566770BE7623F17F419F99 /* Pods-IOSInstagramCloneTests.release.xcconfig */,
			);
			name = Pods;
			sourceTree = "<group>";
		};
		7943B5A96FAB63902B4D2C6E /* Frameworks */ = {
			isa = PBXGroup;
			children = (
				A837FCF81FB45F6D00B630AB /* libwebp.framework */,
				A837FCF61FB45F4600B630AB /* SDWebImage.framework */,
				1DD49C7BE9366E439EC6C6D3 /* Pods_IOSInstagramClone.framework */,
				6BFDA0527E09CFED2BF89045 /* Pods_IOSInstagramCloneTests.framework */,
			);
			name = Frameworks;
			sourceTree = "<group>";
		};
		A837FCC01FB33C3E00B630AB = {
			isa = PBXGroup;
			children = (
				A837FCCB1FB33C3E00B630AB /* IOSInstagramClone */,
				A837FCE21FB33C3E00B630AB /* IOSInstagramCloneTests */,
				A837FCCA1FB33C3E00B630AB /* Products */,
				0DAA0E778710D263C3B0F4BE /* Pods */,
				7943B5A96FAB63902B4D2C6E /* Frameworks */,
			);
			sourceTree = "<group>";
		};
		A837FCCA1FB33C3E00B630AB /* Products */ = {
			isa = PBXGroup;
			children = (
				A837FCC91FB33C3E00B630AB /* IOSInstagramClone.app */,
				A837FCDF1FB33C3E00B630AB /* IOSInstagramCloneTests.xctest */,
			);
			name = Products;
			sourceTree = "<group>";
		};
		A837FCCB1FB33C3E00B630AB /* IOSInstagramClone */ = {
			isa = PBXGroup;
			children = (
				A837FCCC1FB33C3E00B630AB /* AppDelegate.swift */,
				A837FCCE1FB33C3E00B630AB /* FeedViewController.swift */,
				A837FCD01FB33C3E00B630AB /* UploadViewController.swift */,
				A837FCD21FB33C3E00B630AB /* Main.storyboard */,
				A837FCF41FB446E400B630AB /* FeedTableViewCell.swift */,
				A837FCF01FB342E300B630AB /* LoginViewController.swift */,
				A837FCD51FB33C3E00B630AB /* Assets.xcassets */,
				A837FCF21FB41CE000B630AB /* selectImage.jpg */,
				A837FCD71FB33C3E00B630AB /* LaunchScreen.storyboard */,
				A837FCDA1FB33C3E00B630AB /* Info.plist */,
				A837FCEE1FB33F7600B630AB /* GoogleService-Info.plist */,
			);
			path = IOSInstagramClone;
			sourceTree = "<group>";
		};
		A837FCE21FB33C3E00B630AB /* IOSInstagramCloneTests */ = {
			isa = PBXGroup;
			children = (
				A837FCE31FB33C3E00B630AB /* IOSInstagramCloneTests.swift */,
				A837FCE51FB33C3E00B630AB /* Info.plist */,
			);
			path = IOSInstagramCloneTests;
			sourceTree = "<group>";
		};
/* End PBXGroup section */

/* Begin PBXNativeTarget section */
		A837FCC81FB33C3E00B630AB /* IOSInstagramClone */ = {
			isa = PBXNativeTarget;
			buildConfigurationList = A837FCE81FB33C3E00B630AB /* Build configuration list for PBXNativeTarget "IOSInstagramClone" */;
			buildPhases = (
				B7783C33425F53DDEF11D099 /* [CP] Check Pods Manifest.lock */,
				A837FCC51FB33C3E00B630AB /* Sources */,
				A837FCC61FB33C3E00B630AB /* Frameworks */,
				A837FCC71FB33C3E00B630AB /* Resources */,
				285ACF1B81565F0C64CF57EA /* [CP] Embed Pods Frameworks */,
				33B77FFA0CA0C308265D96B5 /* [CP] Copy Pods Resources */,
			);
			buildRules = (
			);
			dependencies = (
			);
			name = IOSInstagramClone;
			productName = IOSInstagramClone;
			productReference = A837FCC91FB33C3E00B630AB /* IOSInstagramClone.app */;
			productType = "com.apple.product-type.application";
		};
		A837FCDE1FB33C3E00B630AB /* IOSInstagramCloneTests */ = {
			isa = PBXNativeTarget;
			buildConfigurationList = A837FCEB1FB33C3E00B630AB /* Build configuration list for PBXNativeTarget "IOSInstagramCloneTests" */;
			buildPhases = (
				4617D38177960308DDE48B16 /* [CP] Check Pods Manifest.lock */,
				A837FCDB1FB33C3E00B630AB /* Sources */,
				A837FCDC1FB33C3E00B630AB /* Frameworks */,
				A837FCDD1FB33C3E00B630AB /* Resources */,
				160F49F248B8C6C862A56E70 /* [CP] Embed Pods Frameworks */,
				C57DCF47977EF7C73F4D4D3C /* [CP] Copy Pods Resources */,
			);
			buildRules = (
			);
			dependencies = (
				A837FCE11FB33C3E00B630AB /* PBXTargetDependency */,
			);
			name = IOSInstagramCloneTests;
			productName = IOSInstagramCloneTests;
			productReference = A837FCDF1FB33C3E00B630AB /* IOSInstagramCloneTests.xctest */;
			productType = "com.apple.product-type.bundle.unit-test";
		};
/* End PBXNativeTarget section */

/* Begin PBXProject section */
		A837FCC11FB33C3E00B630AB /* Project object */ = {
			isa = PBXProject;
			attributes = {
				LastSwiftUpdateCheck = 0830;
				LastUpgradeCheck = 0830;
				ORGANIZATIONNAME = "Ercan PINAR";
				TargetAttributes = {
					A837FCC81FB33C3E00B630AB = {
						CreatedOnToolsVersion = 8.3.3;
						ProvisioningStyle = Automatic;
					};
					A837FCDE1FB33C3E00B630AB = {
						CreatedOnToolsVersion = 8.3.3;
						ProvisioningStyle = Automatic;
						TestTargetID = A837FCC81FB33C3E00B630AB;
					};
				};
			};
			buildConfigurationList = A837FCC41FB33C3E00B630AB /* Build configuration list for PBXProject "IOSInstagramClone" */;
			compatibilityVersion = "Xcode 3.2";
			developmentRegion = English;
			hasScannedForEncodings = 0;
			knownRegions = (
				en,
				Base,
			);
			mainGroup = A837FCC01FB33C3E00B630AB;
			productRefGroup = A837FCCA1FB33C3E00B630AB /* Products */;
			projectDirPath = "";
			projectRoot = "";
			targets = (
				A837FCC81FB33C3E00B630AB /* IOSInstagramClone */,
				A837FCDE1FB33C3E00B630AB /* IOSInstagramCloneTests */,
			);
		};
/* End PBXProject section */

/* Begin PBXResourcesBuildPhase section */
		A837FCC71FB33C3E00B630AB /* Resources */ = {
			isa = PBXResourcesBuildPhase;
			buildActionMask = 2147483647;
			files = (
				A837FCF31FB41CE000B630AB /* selectImage.jpg in Resources */,
				A837FCD91FB33C3E00B630AB /* LaunchScreen.storyboard in Resources */,
				A837FCEF1FB33F7600B630AB /* GoogleService-Info.plist in Resources */,
				A837FCD61FB33C3E00B630AB /* Assets.xcassets in Resources */,
				A837FCD41FB33C3E00B630AB /* Main.storyboard in Resources */,
			);
			runOnlyForDeploymentPostprocessing = 0;
		};
		A837FCDD1FB33C3E00B630AB /* Resources */ = {
			isa = PBXResourcesBuildPhase;
			buildActionMask = 2147483647;
			files = (
			);
			runOnlyForDeploymentPostprocessing = 0;
		};
/* End PBXResourcesBuildPhase section */

/* Begin PBXShellScriptBuildPhase section */
		160F49F248B8C6C862A56E70 /* [CP] Embed Pods Frameworks */ = {
			isa = PBXShellScriptBuildPhase;
			buildActionMask = 2147483647;
			files = (
			);
			inputPaths = (
			);
			name = "[CP] Embed Pods Frameworks";
			outputPaths = (
			);
			runOnlyForDeploymentPostprocessing = 0;
			shellPath = /bin/sh;
			shellScript = "\"${SRCROOT}/Pods/Target Support Files/Pods-IOSInstagramCloneTests/Pods-IOSInstagramCloneTests-frameworks.sh\"\n";
			showEnvVarsInLog = 0;
		};
		285ACF1B81565F0C64CF57EA /* [CP] Embed Pods Frameworks */ = {
			isa = PBXShellScriptBuildPhase;
			buildActionMask = 2147483647;
			files = (
			);
			inputPaths = (
				"${SRCROOT}/Pods/Target Support Files/Pods-IOSInstagramClone/Pods-IOSInstagramClone-frameworks.sh",
				"${BUILT_PRODUCTS_DIR}/GTMSessionFetcher/GTMSessionFetcher.framework",
				"${BUILT_PRODUCTS_DIR}/GoogleToolboxForMac/GoogleToolboxForMac.framework",
				"${BUILT_PRODUCTS_DIR}/SDWebImage/SDWebImage.framework",
				"${BUILT_PRODUCTS_DIR}/leveldb-library/leveldb.framework",
				"${BUILT_PRODUCTS_DIR}/libwebp/libwebp.framework",
				"${BUILT_PRODUCTS_DIR}/nanopb/nanopb.framework",
			);
			name = "[CP] Embed Pods Frameworks";
			outputPaths = (
				"${TARGET_BUILD_DIR}/${FRAMEWORKS_FOLDER_PATH}/GTMSessionFetcher.framework",
				"${TARGET_BUILD_DIR}/${FRAMEWORKS_FOLDER_PATH}/GoogleToolboxForMac.framework",
				"${TARGET_BUILD_DIR}/${FRAMEWORKS_FOLDER_PATH}/SDWebImage.framework",
				"${TARGET_BUILD_DIR}/${FRAMEWORKS_FOLDER_PATH}/leveldb.framework",
				"${TARGET_BUILD_DIR}/${FRAMEWORKS_FOLDER_PATH}/libwebp.framework",
				"${TARGET_BUILD_DIR}/${FRAMEWORKS_FOLDER_PATH}/nanopb.framework",
			);
			runOnlyForDeploymentPostprocessing = 0;
			shellPath = /bin/sh;
			shellScript = "\"${SRCROOT}/Pods/Target Support Files/Pods-IOSInstagramClone/Pods-IOSInstagramClone-frameworks.sh\"\n";
			showEnvVarsInLog = 0;
		};
		33B77FFA0CA0C308265D96B5 /* [CP] Copy Pods Resources */ = {
			isa = PBXShellScriptBuildPhase;
			buildActionMask = 2147483647;
			files = (
			);
			inputPaths = (
			);
			name = "[CP] Copy Pods Resources";
			outputPaths = (
			);
			runOnlyForDeploymentPostprocessing = 0;
			shellPath = /bin/sh;
			shellScript = "\"${SRCROOT}/Pods/Target Support Files/Pods-IOSInstagramClone/Pods-IOSInstagramClone-resources.sh\"\n";
			showEnvVarsInLog = 0;
		};
		4617D38177960308DDE48B16 /* [CP] Check Pods Manifest.lock */ = {
			isa = PBXShellScriptBuildPhase;
			buildActionMask = 2147483647;
			files = (
			);
			inputPaths = (
				"${PODS_PODFILE_DIR_PATH}/Podfile.lock",
				"${PODS_ROOT}/Manifest.lock",
			);
			name = "[CP] Check Pods Manifest.lock";
			outputPaths = (
				"$(DERIVED_FILE_DIR)/Pods-IOSInstagramCloneTests-checkManifestLockResult.txt",
			);
			runOnlyForDeploymentPostprocessing = 0;
			shellPath = /bin/sh;
			shellScript = "diff \"${PODS_PODFILE_DIR_PATH}/Podfile.lock\" \"${PODS_ROOT}/Manifest.lock\" > /dev/null\nif [ $? != 0 ] ; then\n    # print error to STDERR\n    echo \"error: The sandbox is not in sync with the Podfile.lock. Run 'pod install' or update your CocoaPods installation.\" >&2\n    exit 1\nfi\n# This output is used by Xcode 'outputs' to avoid re-running this script phase.\necho \"SUCCESS\" > \"${SCRIPT_OUTPUT_FILE_0}\"\n";
			showEnvVarsInLog = 0;
		};
		B7783C33425F53DDEF11D099 /* [CP] Check Pods Manifest.lock */ = {
			isa = PBXShellScriptBuildPhase;
			buildActionMask = 2147483647;
			files = (
			);
			inputPaths = (
				"${PODS_PODFILE_DIR_PATH}/Podfile.lock",
				"${PODS_ROOT}/Manifest.lock",
			);
			name = "[CP] Check Pods Manifest.lock";
			outputPaths = (
				"$(DERIVED_FILE_DIR)/Pods-IOSInstagramClone-checkManifestLockResult.txt",
			);
			runOnlyForDeploymentPostprocessing = 0;
			shellPath = /bin/sh;
			shellScript = "diff \"${PODS_PODFILE_DIR_PATH}/Podfile.lock\" \"${PODS_ROOT}/Manifest.lock\" > /dev/null\nif [ $? != 0 ] ; then\n    # print error to STDERR\n    echo \"error: The sandbox is not in sync with the Podfile.lock. Run 'pod install' or update your CocoaPods installation.\" >&2\n    exit 1\nfi\n# This output is used by Xcode 'outputs' to avoid re-running this script phase.\necho \"SUCCESS\" > \"${SCRIPT_OUTPUT_FILE_0}\"\n";
			showEnvVarsInLog = 0;
		};
		C57DCF47977EF7C73F4D4D3C /* [CP] Copy Pods Resources */ = {
			isa = PBXShellScriptBuildPhase;
			buildActionMask = 2147483647;
			files = (
			);
			inputPaths = (
			);
			name = "[CP] Copy Pods Resources";
			outputPaths = (
			);
			runOnlyForDeploymentPostprocessing = 0;
			shellPath = /bin/sh;
			shellScript = "\"${SRCROOT}/Pods/Target Support Files/Pods-IOSInstagramCloneTests/Pods-IOSInstagramCloneTests-resources.sh\"\n";
			showEnvVarsInLog = 0;
		};
/* End PBXShellScriptBuildPhase section */

/* Begin PBXSourcesBuildPhase section */
		A837FCC51FB33C3E00B630AB /* Sources */ = {
			isa = PBXSourcesBuildPhase;
			buildActionMask = 2147483647;
			files = (
				A837FCF51FB446E400B630AB /* FeedTableViewCell.swift in Sources */,
				A837FCF11FB342E300B630AB /* LoginViewController.swift in Sources */,
				A837FCD11FB33C3E00B630AB /* UploadViewController.swift in Sources */,
				A837FCCD1FB33C3E00B630AB /* AppDelegate.swift in Sources */,
				A837FCCF1FB33C3E00B630AB /* FeedViewController.swift in Sources */,
			);
			runOnlyForDeploymentPostprocessing = 0;
		};
		A837FCDB1FB33C3E00B630AB /* Sources */ = {
			isa = PBXSourcesBuildPhase;
			buildActionMask = 2147483647;
			files = (
				A837FCE41FB33C3E00B630AB /* IOSInstagramCloneTests.swift in Sources */,
			);
			runOnlyForDeploymentPostprocessing = 0;
		};
/* End PBXSourcesBuildPhase section */

/* Begin PBXTargetDependency section */
		A837FCE11FB33C3E00B630AB /* PBXTargetDependency */ = {
			isa = PBXTargetDependency;
			target = A837FCC81FB33C3E00B630AB /* IOSInstagramClone */;
			targetProxy = A837FCE01FB33C3E00B630AB /* PBXContainerItemProxy */;
		};
/* End PBXTargetDependency section */

/* Begin PBXVariantGroup section */
		A837FCD21FB33C3E00B630AB /* Main.storyboard */ = {
			isa = PBXVariantGroup;
			children = (
				A837FCD31FB33C3E00B630AB /* Base */,
			);
			name = Main.storyboard;
			sourceTree = "<group>";
		};
		A837FCD71FB33C3E00B630AB /* LaunchScreen.storyboard */ = {
			isa = PBXVariantGroup;
			children = (
				A837FCD81FB33C3E00B630AB /* Base */,
			);
			name = LaunchScreen.storyboard;
			sourceTree = "<group>";
		};
/* End PBXVariantGroup section */

/* Begin XCBuildConfiguration section */
		A837FCE61FB33C3E00B630AB /* Debug */ = {
			isa = XCBuildConfiguration;
			buildSettings = {
				ALWAYS_SEARCH_USER_PATHS = NO;
				CLANG_ANALYZER_NONNULL = YES;
				CLANG_ANALYZER_NUMBER_OBJECT_CONVERSION = YES_AGGRESSIVE;
				CLANG_CXX_LANGUAGE_STANDARD = "gnu++0x";
				CLANG_CXX_LIBRARY = "libc++";
				CLANG_ENABLE_MODULES = YES;
				CLANG_ENABLE_OBJC_ARC = YES;
				CLANG_WARN_BOOL_CONVERSION = YES;
				CLANG_WARN_CONSTANT_CONVERSION = YES;
				CLANG_WARN_DIRECT_OBJC_ISA_USAGE = YES_ERROR;
				CLANG_WARN_DOCUMENTATION_COMMENTS = YES;
				CLANG_WARN_EMPTY_BODY = YES;
				CLANG_WARN_ENUM_CONVERSION = YES;
				CLANG_WARN_INFINITE_RECURSION = YES;
				CLANG_WARN_INT_CONVERSION = YES;
				CLANG_WARN_OBJC_ROOT_CLASS = YES_ERROR;
				CLANG_WARN_SUSPICIOUS_MOVE = YES;
				CLANG_WARN_UNREACHABLE_CODE = YES;
				CLANG_WARN__DUPLICATE_METHOD_MATCH = YES;
				"CODE_SIGN_IDENTITY[sdk=iphoneos*]" = "iPhone Developer";
				COPY_PHASE_STRIP = NO;
				DEBUG_INFORMATION_FORMAT = dwarf;
				ENABLE_STRICT_OBJC_MSGSEND = YES;
				ENABLE_TESTABILITY = YES;
				GCC_C_LANGUAGE_STANDARD = gnu99;
				GCC_DYNAMIC_NO_PIC = NO;
				GCC_NO_COMMON_BLOCKS = YES;
				GCC_OPTIMIZATION_LEVEL = 0;
				GCC_PREPROCESSOR_DEFINITIONS = (
					"DEBUG=1",
					"$(inherited)",
				);
				GCC_WARN_64_TO_32_BIT_CONVERSION = YES;
				GCC_WARN_ABOUT_RETURN_TYPE = YES_ERROR;
				GCC_WARN_UNDECLARED_SELECTOR = YES;
				GCC_WARN_UNINITIALIZED_AUTOS = YES_AGGRESSIVE;
				GCC_WARN_UNUSED_FUNCTION = YES;
				GCC_WARN_UNUSED_VARIABLE = YES;
				IPHONEOS_DEPLOYMENT_TARGET = 10.3;
				MTL_ENABLE_DEBUG_INFO = YES;
				ONLY_ACTIVE_ARCH = YES;
				SDKROOT = iphoneos;
				SWIFT_ACTIVE_COMPILATION_CONDITIONS = DEBUG;
				SWIFT_OPTIMIZATION_LEVEL = "-Onone";
				TARGETED_DEVICE_FAMILY = "1,2";
			};
			name = Debug;
		};
		A837FCE71FB33C3E00B630AB /* Release */ = {
			isa = XCBuildConfiguration;
			buildSettings = {
				ALWAYS_SEARCH_USER_PATHS = NO;
				CLANG_ANALYZER_NONNULL = YES;
				CLANG_ANALYZER_NUMBER_OBJECT_CONVERSION = YES_AGGRESSIVE;
				CLANG_CXX_LANGUAGE_STANDARD = "gnu++0x";
				CLANG_CXX_LIBRARY = "libc++";
				CLANG_ENABLE_MODULES = YES;
				CLANG_ENABLE_OBJC_ARC = YES;
				CLANG_WARN_BOOL_CONVERSION = YES;
				CLANG_WARN_CONSTANT_CONVERSION = YES;
				CLANG_WARN_DIRECT_OBJC_ISA_USAGE = YES_ERROR;
				CLANG_WARN_DOCUMENTATION_COMMENTS = YES;
				CLANG_WARN_EMPTY_BODY = YES;
				CLANG_WARN_ENUM_CONVERSION = YES;
				CLANG_WARN_INFINITE_RECURSION = YES;
				CLANG_WARN_INT_CONVERSION = YES;
				CLANG_WARN_OBJC_ROOT_CLASS = YES_ERROR;
				CLANG_WARN_SUSPICIOUS_MOVE = YES;
				CLANG_WARN_UNREACHABLE_CODE = YES;
				CLANG_WARN__DUPLICATE_METHOD_MATCH = YES;
				"CODE_SIGN_IDENTITY[sdk=iphoneos*]" = "iPhone Developer";
				COPY_PHASE_STRIP = NO;
				DEBUG_INFORMATION_FORMAT = "dwarf-with-dsym";
				ENABLE_NS_ASSERTIONS = NO;
				ENABLE_STRICT_OBJC_MSGSEND = YES;
				GCC_C_LANGUAGE_STANDARD = gnu99;
				GCC_NO_COMMON_BLOCKS = YES;
				GCC_WARN_64_TO_32_BIT_CONVERSION = YES;
				GCC_WARN_ABOUT_RETURN_TYPE = YES_ERROR;
				GCC_WARN_UNDECLARED_SELECTOR = YES;
				GCC_WARN_UNINITIALIZED_AUTOS = YES_AGGRESSIVE;
				GCC_WARN_UNUSED_FUNCTION = YES;
				GCC_WARN_UNUSED_VARIABLE = YES;
				IPHONEOS_DEPLOYMENT_TARGET = 10.3;
				MTL_ENABLE_DEBUG_INFO = NO;
				SDKROOT = iphoneos;
				SWIFT_OPTIMIZATION_LEVEL = "-Owholemodule";
				TARGETED_DEVICE_FAMILY = "1,2";
				VALIDATE_PRODUCT = YES;
			};
			name = Release;
		};
		A837FCE91FB33C3E00B630AB /* Debug */ = {
			isa = XCBuildConfiguration;
			baseConfigurationReference = 2D002793B491A9DDD5F4680B /* Pods-IOSInstagramClone.debug.xcconfig */;
			buildSettings = {
				ASSETCATALOG_COMPILER_APPICON_NAME = AppIcon;
				FRAMEWORK_SEARCH_PATHS = (
					"$(inherited)",
					"$(PROJECT_DIR)/build/Debug-iphoneos/SDWebImage",
					"$(PROJECT_DIR)/build/Debug-iphoneos/libwebp",
				);
				INFOPLIST_FILE = IOSInstagramClone/Info.plist;
				LD_RUNPATH_SEARCH_PATHS = "$(inherited) @executable_path/Frameworks";
				PRODUCT_BUNDLE_IDENTIFIER = com.ercanpinar.IOSInstagramClone;
				PRODUCT_NAME = "$(TARGET_NAME)";
				SWIFT_VERSION = 3.0;
			};
			name = Debug;
		};
		A837FCEA1FB33C3E00B630AB /* Release */ = {
			isa = XCBuildConfiguration;
			baseConfigurationReference = ECF07F93136F22313FA96CBD /* Pods-IOSInstagramClone.release.xcconfig */;
			buildSettings = {
				ASSETCATALOG_COMPILER_APPICON_NAME = AppIcon;
				FRAMEWORK_SEARCH_PATHS = (
					"$(inherited)",
					"$(PROJECT_DIR)/build/Debug-iphoneos/SDWebImage",
					"$(PROJECT_DIR)/build/Debug-iphoneos/libwebp",
				);
				INFOPLIST_FILE = IOSInstagramClone/Info.plist;
				LD_RUNPATH_SEARCH_PATHS = "$(inherited) @executable_path/Frameworks";
				PRODUCT_BUNDLE_IDENTIFIER = com.ercanpinar.IOSInstagramClone;
				PRODUCT_NAME = "$(TARGET_NAME)";
				SWIFT_VERSION = 3.0;
			};
			name = Release;
		};
		A837FCEC1FB33C3E00B630AB /* Debug */ = {
			isa = XCBuildConfiguration;
			baseConfigurationReference = 5A666CB7C4B5A31CC32D16C7 /* Pods-IOSInstagramCloneTests.debug.xcconfig */;
			buildSettings = {
				ALWAYS_EMBED_SWIFT_STANDARD_LIBRARIES = YES;
				BUNDLE_LOADER = "$(TEST_HOST)";
				INFOPLIST_FILE = IOSInstagramCloneTests/Info.plist;
				LD_RUNPATH_SEARCH_PATHS = "$(inherited) @executable_path/Frameworks @loader_path/Frameworks";
				PRODUCT_BUNDLE_IDENTIFIER = com.ercanpinar.IOSInstagramCloneTests;
				PRODUCT_NAME = "$(TARGET_NAME)";
				SWIFT_VERSION = 3.0;
				TEST_HOST = "$(BUILT_PRODUCTS_DIR)/IOSInstagramClone.app/IOSInstagramClone";
			};
			name = Debug;
		};
		A837FCED1FB33C3E00B630AB /* Release */ = {
			isa = XCBuildConfiguration;
			baseConfigurationReference = 18566770BE7623F17F419F99 /* Pods-IOSInstagramCloneTests.release.xcconfig */;
			buildSettings = {
				ALWAYS_EMBED_SWIFT_STANDARD_LIBRARIES = YES;
				BUNDLE_LOADER = "$(TEST_HOST)";
				INFOPLIST_FILE = IOSInstagramCloneTests/Info.plist;
				LD_RUNPATH_SEARCH_PATHS = "$(inherited) @executable_path/Frameworks @loader_path/Frameworks";
				PRODUCT_BUNDLE_IDENTIFIER = com.ercanpinar.IOSInstagramCloneTests;
				PRODUCT_NAME = "$(TARGET_NAME)";
				SWIFT_VERSION = 3.0;
				TEST_HOST = "$(BUILT_PRODUCTS_DIR)/IOSInstagramClone.app/IOSInstagramClone";
			};
			name = Release;
		};
/* End XCBuildConfiguration section */

/* Begin XCConfigurationList section */
		A837FCC41FB33C3E00B630AB /* Build configuration list for PBXProject "IOSInstagramClone" */ = {
			isa = XCConfigurationList;
			buildConfigurations = (
				A837FCE61FB33C3E00B630AB /* Debug */,
				A837FCE71FB33C3E00B630AB /* Release */,
			);
			defaultConfigurationIsVisible = 0;
			defaultConfigurationName = Release;
		};
		A837FCE81FB33C3E00B630AB /* Build configuration list for PBXNativeTarget "IOSInstagramClone" */ = {
			isa = XCConfigurationList;
			buildConfigurations = (
				A837FCE91FB33C3E00B630AB /* Debug */,
				A837FCEA1FB33C3E00B630AB /* Release */,
			);
			defaultConfigurationIsVisible = 0;
			defaultConfigurationName = Release;
		};
		A837FCEB1FB33C3E00B630AB /* Build configuration list for PBXNativeTarget "IOSInstagramCloneTests" */ = {
			isa = XCConfigurationList;
			buildConfigurations = (
				A837FCEC1FB33C3E00B630AB /* Debug */,
				A837FCED1FB33C3E00B630AB /* Release */,
			);
			defaultConfigurationIsVisible = 0;
			defaultConfigurationName = Release;
		};
/* End XCConfigurationList section */
	};
	rootObject = A837FCC11FB33C3E00B630AB /* Project object */;
}
